
Microsoft Visual Studio Solution File, Format Version 12.00
# Visual Studio 15
VisualStudioVersion = 15.0.28307.852
MinimumVisualStudioVersion = 10.0.40219.1
Project("{FAE04EC0-301F-11D3-BF4B-00C04F79EFBC}") = "Pindividual.PruebaConsolas", "Pindividual.PruebaConsolas\Pindividual.PruebaConsolas.csproj", "{0B2A3796-5AEB-4E4E-AF62-A6DB6DFC25CF}"
EndProject
Project("{FAE04EC0-301F-11D3-BF4B-00C04F79EFBC}") = "Pindividual.DAL", "Pindividual.DAL\Pindividual.DAL.csproj", "{A99817F3-3243-43EB-ADC0-2E2FE7BD237F}"
EndProject
Project("{FAE04EC0-301F-11D3-BF4B-00C04F79EFBC}") = "Pindividual.BL", "Pindividua.BL\Pindividual.BL.csproj", "{AFCA2EBC-1B67-4958-BE68-2064FF4F7CF7}"
EndProject
Global
	GlobalSection(SolutionConfigurationPlatforms) = preSolution
		Debug|Any CPU = Debug|Any CPU
		Release|Any CPU = Release|Any CPU
	EndGlobalSection
	GlobalSection(ProjectConfigurationPlatforms) = postSolution
		{0B2A3796-5AEB-4E4E-AF62-A6DB6DFC25CF}.Debug|Any CPU.ActiveCfg = Debug|Any CPU
		{0B2A3796-5AEB-4E4E-AF62-A6DB6DFC25CF}.Debug|Any CPU.Build.0 = Debug|Any CPU
		{0B2A3796-5AEB-4E4E-AF62-A6DB6DFC25CF}.Release|Any CPU.ActiveCfg = Release|Any CPU
		{0B2A3796-5AEB-4E4E-AF62-A6DB6DFC25CF}.Release|Any CPU.Build.0 = Release|Any CPU
		{A99817F3-3243-43EB-ADC0-2E2FE7BD237F}.Debug|Any CPU.ActiveCfg = Debug|Any CPU
		{A99817F3-3243-43EB-ADC0-2E2FE7BD237F}.Debug|Any CPU.Build.0 = Debug|Any CPU
		{A99817F3-3243-43EB-ADC0-2E2FE7BD237F}.Release|Any CPU.ActiveCfg = Release|Any CPU
		{A99817F3-3243-43EB-ADC0-2E2FE7BD237F}.Release|Any CPU.Build.0 = Release|Any CPU
		{AFCA2EBC-1B67-4958-BE68-2064FF4F7CF7}.Debug|Any CPU.ActiveCfg = Debug|Any CPU
		{AFCA2EBC-1B67-4958-BE68-2064FF4F7CF7}.Debug|Any CPU.Build.0 = Debug|Any CPU
		{AFCA2EBC-1B67-4958-BE68-2064FF4F7CF7}.Release|Any CPU.ActiveCfg = Release|Any CPU
		{AFCA2EBC-1B67-4958-BE68-2064FF4F7CF7}.Release|Any CPU.Build.0 = Release|Any CPU
	EndGlobalSection
	GlobalSection(SolutionProperties) = preSolution
		HideSolutionNode = FALSE
	EndGlobalSection
	GlobalSection(ExtensibilityGlobals) = postSolution
		SolutionGuid = {D6855EFD-B287-4D04-A49F-F2052C63D425}
	EndGlobalSection
EndGlobal
